
Microsoft Visual Studio Solution File, Format Version 12.00
# Visual Studio Version 17
VisualStudioVersion = 17.4.33213.308
MinimumVisualStudioVersion = 10.0.40219.1
Project("{FAE04EC0-301F-11D3-BF4B-00C04F79EFBC}") = "WebApplication1", "WebApplication1\WebApplication1.csproj", "{8753FA17-1EBA-406D-81BA-60D194522021}"
EndProject
Global
	GlobalSection(SolutionConfigurationPlatforms) = preSolution
		Debug|Any CPU = Debug|Any CPU
		Release|Any CPU = Release|Any CPU
	EndGlobalSection
	GlobalSection(ProjectConfigurationPlatforms) = postSolution
		{8753FA17-1EBA-406D-81BA-60D194522021}.Debug|Any CPU.ActiveCfg = Debug|Any CPU
		{8753FA17-1EBA-406D-81BA-60D194522021}.Debug|Any CPU.Build.0 = Debug|Any CPU
		{8753FA17-1EBA-406D-81BA-60D194522021}.Release|Any CPU.ActiveCfg = Release|Any CPU
		{8753FA17-1EBA-406D-81BA-60D194522021}.Release|Any CPU.Build.0 = Release|Any CPU
	EndGlobalSection
	GlobalSection(SolutionProperties) = preSolution
		HideSolutionNode = FALSE
	EndGlobalSection
	GlobalSection(ExtensibilityGlobals) = postSolution
		SolutionGuid = {9C231762-573F-474D-95B4-0A034A9E74E1}
	EndGlobalSection
EndGlobal
